
Microsoft Visual Studio Solution File, Format Version 12.00
# Visual Studio 2012
Project("{FAE04EC0-301F-11D3-BF4B-00C04F79EFBC}") = "rentalestimate.dataaccess", "rentalestimate.dataaccess\rentalestimate.dataaccess.csproj", "{01A19341-57B5-476D-80BD-ABBA976263DF}"
EndProject
Project("{FAE04EC0-301F-11D3-BF4B-00C04F79EFBC}") = "rentalestimate.model", "rentalestimate.model\rentalestimate.model.csproj", "{63888C59-E1E1-4C3B-9E1E-C70D223787AD}"
EndProject
Project("{FAE04EC0-301F-11D3-BF4B-00C04F79EFBC}") = "rentalestimate.service", "rentalestimate.service\rentalestimate.service.csproj", "{C2BFEC00-006D-44DA-9BEE-D02A757478E9}"
EndProject
Project("{FAE04EC0-301F-11D3-BF4B-00C04F79EFBC}") = "rentalestimate.tests", "rentalestimate.tests\rentalestimate.tests.csproj", "{7EF00528-A00A-499F-B8C2-CF65C1BF39CA}"
EndProject
Project("{FAE04EC0-301F-11D3-BF4B-00C04F79EFBC}") = "rentalestimate.web", "rentalestimate.web\rentalestimate.web.csproj", "{DC6399C7-DB76-479B-8581-3ED7CC915EC2}"
EndProject
Global
	GlobalSection(SolutionConfigurationPlatforms) = preSolution
		Debug|Any CPU = Debug|Any CPU
		Release|Any CPU = Release|Any CPU
	EndGlobalSection
	GlobalSection(ProjectConfigurationPlatforms) = postSolution
		{01A19341-57B5-476D-80BD-ABBA976263DF}.Debug|Any CPU.ActiveCfg = Debug|Any CPU
		{01A19341-57B5-476D-80BD-ABBA976263DF}.Debug|Any CPU.Build.0 = Debug|Any CPU
		{01A19341-57B5-476D-80BD-ABBA976263DF}.Release|Any CPU.ActiveCfg = Release|Any CPU
		{01A19341-57B5-476D-80BD-ABBA976263DF}.Release|Any CPU.Build.0 = Release|Any CPU
		{63888C59-E1E1-4C3B-9E1E-C70D223787AD}.Debug|Any CPU.ActiveCfg = Debug|Any CPU
		{63888C59-E1E1-4C3B-9E1E-C70D223787AD}.Debug|Any CPU.Build.0 = Debug|Any CPU
		{63888C59-E1E1-4C3B-9E1E-C70D223787AD}.Release|Any CPU.ActiveCfg = Release|Any CPU
		{63888C59-E1E1-4C3B-9E1E-C70D223787AD}.Release|Any CPU.Build.0 = Release|Any CPU
		{C2BFEC00-006D-44DA-9BEE-D02A757478E9}.Debug|Any CPU.ActiveCfg = Debug|Any CPU
		{C2BFEC00-006D-44DA-9BEE-D02A757478E9}.Debug|Any CPU.Build.0 = Debug|Any CPU
		{C2BFEC00-006D-44DA-9BEE-D02A757478E9}.Release|Any CPU.ActiveCfg = Release|Any CPU
		{C2BFEC00-006D-44DA-9BEE-D02A757478E9}.Release|Any CPU.Build.0 = Release|Any CPU
		{7EF00528-A00A-499F-B8C2-CF65C1BF39CA}.Debug|Any CPU.ActiveCfg = Debug|Any CPU
		{7EF00528-A00A-499F-B8C2-CF65C1BF39CA}.Debug|Any CPU.Build.0 = Debug|Any CPU
		{7EF00528-A00A-499F-B8C2-CF65C1BF39CA}.Release|Any CPU.ActiveCfg = Release|Any CPU
		{7EF00528-A00A-499F-B8C2-CF65C1BF39CA}.Release|Any CPU.Build.0 = Release|Any CPU
		{DC6399C7-DB76-479B-8581-3ED7CC915EC2}.Debug|Any CPU.ActiveCfg = Debug|Any CPU
		{DC6399C7-DB76-479B-8581-3ED7CC915EC2}.Debug|Any CPU.Build.0 = Debug|Any CPU
		{DC6399C7-DB76-479B-8581-3ED7CC915EC2}.Release|Any CPU.ActiveCfg = Release|Any CPU
		{DC6399C7-DB76-479B-8581-3ED7CC915EC2}.Release|Any CPU.Build.0 = Release|Any CPU
	EndGlobalSection
EndGlobal
